
Microsoft Visual Studio Solution File, Format Version 12.00
# Visual Studio Version 16
VisualStudioVersion = 16.0.32602.291
MinimumVisualStudioVersion = 10.0.40219.1
Project("{9A19103F-16F7-4668-BE54-9A1E7A4F7556}") = "Feedback", "Feedback\Feedback.csproj", "{69CA5BC8-B9BD-4FC0-AB53-BA114F000B11}"
EndProject
Project("{FAE04EC0-301F-11D3-BF4B-00C04F79EFBC}") = "DataAccessLayers", "DataAccessLayers\DataAccessLayers.csproj", "{FD41CE33-5715-4759-BE64-BA4F0EEE43D5}"
EndProject
Global
	GlobalSection(SolutionConfigurationPlatforms) = preSolution
		Debug|Any CPU = Debug|Any CPU
		Release|Any CPU = Release|Any CPU
	EndGlobalSection
	GlobalSection(ProjectConfigurationPlatforms) = postSolution
		{69CA5BC8-B9BD-4FC0-AB53-BA114F000B11}.Debug|Any CPU.ActiveCfg = Debug|Any CPU
		{69CA5BC8-B9BD-4FC0-AB53-BA114F000B11}.Debug|Any CPU.Build.0 = Debug|Any CPU
		{69CA5BC8-B9BD-4FC0-AB53-BA114F000B11}.Release|Any CPU.ActiveCfg = Release|Any CPU
		{69CA5BC8-B9BD-4FC0-AB53-BA114F000B11}.Release|Any CPU.Build.0 = Release|Any CPU
		{FD41CE33-5715-4759-BE64-BA4F0EEE43D5}.Debug|Any CPU.ActiveCfg = Debug|Any CPU
		{FD41CE33-5715-4759-BE64-BA4F0EEE43D5}.Debug|Any CPU.Build.0 = Debug|Any CPU
		{FD41CE33-5715-4759-BE64-BA4F0EEE43D5}.Release|Any CPU.ActiveCfg = Release|Any CPU
		{FD41CE33-5715-4759-BE64-BA4F0EEE43D5}.Release|Any CPU.Build.0 = Release|Any CPU
	EndGlobalSection
	GlobalSection(SolutionProperties) = preSolution
		HideSolutionNode = FALSE
	EndGlobalSection
	GlobalSection(ExtensibilityGlobals) = postSolution
		SolutionGuid = {9756BD78-9966-40AF-97AA-FFC346F2CFC7}
	EndGlobalSection
EndGlobal
